// !$*UTF8*$!
{
	archiveVersion = 1;
	classes = {
	};
	objectVersion = 55;
	objects = {

/* Begin PBXBuildFile section */
		B4355BFF2768480B00FDFC28 /* Transaction.swift in Sources */ = {isa = PBXBuildFile; fileRef = B4355BFE2768480B00FDFC28 /* Transaction.swift */; };
		B4355C0127684C5A00FDFC28 /* Data.swift in Sources */ = {isa = PBXBuildFile; fileRef = B4355C0027684C5A00FDFC28 /* Data.swift */; };
		B4355C0327684DDE00FDFC28 /* TransactionRow.swift in Sources */ = {isa = PBXBuildFile; fileRef = B4355C0227684DDE00FDFC28 /* TransactionRow.swift */; };
		B4355C052768500600FDFC28 /* TransactionDetail.swift in Sources */ = {isa = PBXBuildFile; fileRef = B4355C042768500600FDFC28 /* TransactionDetail.swift */; };
		B4355C0727698B5600FDFC28 /* AddTransactionView.swift in Sources */ = {isa = PBXBuildFile; fileRef = B4355C0627698B5600FDFC28 /* AddTransactionView.swift */; };
		B4355C0B276BD91300FDFC28 /* Type.swift in Sources */ = {isa = PBXBuildFile; fileRef = B4355C0A276BD91300FDFC28 /* Type.swift */; };
		B4355C0D276C426B00FDFC28 /* CategoryView.swift in Sources */ = {isa = PBXBuildFile; fileRef = B4355C0C276C426B00FDFC28 /* CategoryView.swift */; };
		B47F546227629585002368AD /* financeAppApp.swift in Sources */ = {isa = PBXBuildFile; fileRef = B47F546127629585002368AD /* financeAppApp.swift */; };
		B47F546427629585002368AD /* ContentView.swift in Sources */ = {isa = PBXBuildFile; fileRef = B47F546327629585002368AD /* ContentView.swift */; };
		B47F546627629586002368AD /* Assets.xcassets in Resources */ = {isa = PBXBuildFile; fileRef = B47F546527629586002368AD /* Assets.xcassets */; };
		B47F546927629586002368AD /* Preview Assets.xcassets in Resources */ = {isa = PBXBuildFile; fileRef = B47F546827629586002368AD /* Preview Assets.xcassets */; };
		B47F547327629587002368AD /* financeAppTests.swift in Sources */ = {isa = PBXBuildFile; fileRef = B47F547227629587002368AD /* financeAppTests.swift */; };
		B47F547D27629587002368AD /* financeAppUITests.swift in Sources */ = {isa = PBXBuildFile; fileRef = B47F547C27629587002368AD /* financeAppUITests.swift */; };
		B47F547F27629587002368AD /* financeAppUITestsLaunchTests.swift in Sources */ = {isa = PBXBuildFile; fileRef = B47F547E27629587002368AD /* financeAppUITestsLaunchTests.swift */; };
		B47F548C27629DA3002368AD /* homeView.swift in Sources */ = {isa = PBXBuildFile; fileRef = B47F548B27629DA3002368AD /* homeView.swift */; };
		B47F548E27629DB1002368AD /* transactionsView.swift in Sources */ = {isa = PBXBuildFile; fileRef = B47F548D27629DB1002368AD /* transactionsView.swift */; };
		B47F54902766CACE002368AD /* homePageCategoryView.swift in Sources */ = {isa = PBXBuildFile; fileRef = B47F548F2766CACE002368AD /* homePageCategoryView.swift */; };
/* End PBXBuildFile section */

/* Begin PBXContainerItemProxy section */
		B47F546F27629587002368AD /* PBXContainerItemProxy */ = {
			isa = PBXContainerItemProxy;
			containerPortal = B47F545627629585002368AD /* Project object */;
			proxyType = 1;
			remoteGlobalIDString = B47F545D27629585002368AD;
			remoteInfo = financeApp;
		};
		B47F547927629587002368AD /* PBXContainerItemProxy */ = {
			isa = PBXContainerItemProxy;
			containerPortal = B47F545627629585002368AD /* Project object */;
			proxyType = 1;
			remoteGlobalIDString = B47F545D27629585002368AD;
			remoteInfo = financeApp;
		};
/* End PBXContainerItemProxy section */

/* Begin PBXFileReference section */
		B4355BFE2768480B00FDFC28 /* Transaction.swift */ = {isa = PBXFileReference; lastKnownFileType = sourcecode.swift; path = Transaction.swift; sourceTree = "<group>"; };
		B4355C0027684C5A00FDFC28 /* Data.swift */ = {isa = PBXFileReference; lastKnownFileType = sourcecode.swift; path = Data.swift; sourceTree = "<group>"; };
		B4355C0227684DDE00FDFC28 /* TransactionRow.swift */ = {isa = PBXFileReference; lastKnownFileType = sourcecode.swift; path = TransactionRow.swift; sourceTree = "<group>"; };
		B4355C042768500600FDFC28 /* TransactionDetail.swift */ = {isa = PBXFileReference; lastKnownFileType = sourcecode.swift; path = TransactionDetail.swift; sourceTree = "<group>"; };
		B4355C0627698B5600FDFC28 /* AddTransactionView.swift */ = {isa = PBXFileReference; lastKnownFileType = sourcecode.swift; path = AddTransactionView.swift; sourceTree = "<group>"; };
		B4355C0A276BD91300FDFC28 /* Type.swift */ = {isa = PBXFileReference; lastKnownFileType = sourcecode.swift; path = Type.swift; sourceTree = "<group>"; };
		B4355C0C276C426B00FDFC28 /* CategoryView.swift */ = {isa = PBXFileReference; lastKnownFileType = sourcecode.swift; path = CategoryView.swift; sourceTree = "<group>"; };
		B47F545E27629585002368AD /* financeApp.app */ = {isa = PBXFileReference; explicitFileType = wrapper.application; includeInIndex = 0; path = financeApp.app; sourceTree = BUILT_PRODUCTS_DIR; };
		B47F546127629585002368AD /* financeAppApp.swift */ = {isa = PBXFileReference; lastKnownFileType = sourcecode.swift; path = financeAppApp.swift; sourceTree = "<group>"; };
		B47F546327629585002368AD /* ContentView.swift */ = {isa = PBXFileReference; lastKnownFileType = sourcecode.swift; path = ContentView.swift; sourceTree = "<group>"; };
		B47F546527629586002368AD /* Assets.xcassets */ = {isa = PBXFileReference; lastKnownFileType = folder.assetcatalog; path = Assets.xcassets; sourceTree = "<group>"; };
		B47F546827629586002368AD /* Preview Assets.xcassets */ = {isa = PBXFileReference; lastKnownFileType = folder.assetcatalog; path = "Preview Assets.xcassets"; sourceTree = "<group>"; };
		B47F546E27629587002368AD /* financeAppTests.xctest */ = {isa = PBXFileReference; explicitFileType = wrapper.cfbundle; includeInIndex = 0; path = financeAppTests.xctest; sourceTree = BUILT_PRODUCTS_DIR; };
		B47F547227629587002368AD /* financeAppTests.swift */ = {isa = PBXFileReference; lastKnownFileType = sourcecode.swift; path = financeAppTests.swift; sourceTree = "<group>"; };
		B47F547827629587002368AD /* financeAppUITests.xctest */ = {isa = PBXFileReference; explicitFileType = wrapper.cfbundle; includeInIndex = 0; path = financeAppUITests.xctest; sourceTree = BUILT_PRODUCTS_DIR; };
		B47F547C27629587002368AD /* financeAppUITests.swift */ = {isa = PBXFileReference; lastKnownFileType = sourcecode.swift; path = financeAppUITests.swift; sourceTree = "<group>"; };
		B47F547E27629587002368AD /* financeAppUITestsLaunchTests.swift */ = {isa = PBXFileReference; lastKnownFileType = sourcecode.swift; path = financeAppUITestsLaunchTests.swift; sourceTree = "<group>"; };
		B47F548B27629DA3002368AD /* homeView.swift */ = {isa = PBXFileReference; lastKnownFileType = sourcecode.swift; path = homeView.swift; sourceTree = "<group>"; };
		B47F548D27629DB1002368AD /* transactionsView.swift */ = {isa = PBXFileReference; lastKnownFileType = sourcecode.swift; path = transactionsView.swift; sourceTree = "<group>"; };
		B47F548F2766CACE002368AD /* homePageCategoryView.swift */ = {isa = PBXFileReference; lastKnownFileType = sourcecode.swift; path = homePageCategoryView.swift; sourceTree = "<group>"; };
/* End PBXFileReference section */

/* Begin PBXFrameworksBuildPhase section */
		B47F545B27629585002368AD /* Frameworks */ = {
			isa = PBXFrameworksBuildPhase;
			buildActionMask = 2147483647;
			files = (
			);
			runOnlyForDeploymentPostprocessing = 0;
		};
		B47F546B27629587002368AD /* Frameworks */ = {
			isa = PBXFrameworksBuildPhase;
			buildActionMask = 2147483647;
			files = (
			);
			runOnlyForDeploymentPostprocessing = 0;
		};
		B47F547527629587002368AD /* Frameworks */ = {
			isa = PBXFrameworksBuildPhase;
			buildActionMask = 2147483647;
			files = (
			);
			runOnlyForDeploymentPostprocessing = 0;
		};
/* End PBXFrameworksBuildPhase section */

/* Begin PBXGroup section */
		B4355BFC276847BA00FDFC28 /* Views */ = {
			isa = PBXGroup;
			children = (
				B47F548D27629DB1002368AD /* transactionsView.swift */,
				B4355C0627698B5600FDFC28 /* AddTransactionView.swift */,
				B4355C042768500600FDFC28 /* TransactionDetail.swift */,
				B4355C0227684DDE00FDFC28 /* TransactionRow.swift */,
				B47F548F2766CACE002368AD /* homePageCategoryView.swift */,
				B47F548B27629DA3002368AD /* homeView.swift */,
				B4355C0C276C426B00FDFC28 /* CategoryView.swift */,
				B47F546327629585002368AD /* ContentView.swift */,
			);
			path = Views;
			sourceTree = "<group>";
		};
		B47F545527629585002368AD = {
			isa = PBXGroup;
			children = (
				B47F546027629585002368AD /* financeApp */,
				B47F547127629587002368AD /* financeAppTests */,
				B47F547B27629587002368AD /* financeAppUITests */,
				B47F545F27629585002368AD /* Products */,
			);
			sourceTree = "<group>";
		};
		B47F545F27629585002368AD /* Products */ = {
			isa = PBXGroup;
			children = (
				B47F545E27629585002368AD /* financeApp.app */,
				B47F546E27629587002368AD /* financeAppTests.xctest */,
				B47F547827629587002368AD /* financeAppUITests.xctest */,
			);
			name = Products;
			sourceTree = "<group>";
		};
		B47F546027629585002368AD /* financeApp */ = {
			isa = PBXGroup;
			children = (
				B4355BFE2768480B00FDFC28 /* Transaction.swift */,
				B4355C0A276BD91300FDFC28 /* Type.swift */,
				B4355C0027684C5A00FDFC28 /* Data.swift */,
				B47F546127629585002368AD /* financeAppApp.swift */,
				B4355BFC276847BA00FDFC28 /* Views */,
				B47F546527629586002368AD /* Assets.xcassets */,
				B47F546727629586002368AD /* Preview Content */,
			);
			path = financeApp;
			sourceTree = "<group>";
		};
		B47F546727629586002368AD /* Preview Content */ = {
			isa = PBXGroup;
			children = (
				B47F546827629586002368AD /* Preview Assets.xcassets */,
			);
			path = "Preview Content";
			sourceTree = "<group>";
		};
		B47F547127629587002368AD /* financeAppTests */ = {
			isa = PBXGroup;
			children = (
				B47F547227629587002368AD /* financeAppTests.swift */,
			);
			path = financeAppTests;
			sourceTree = "<group>";
		};
		B47F547B27629587002368AD /* financeAppUITests */ = {
			isa = PBXGroup;
			children = (
				B47F547C27629587002368AD /* financeAppUITests.swift */,
				B47F547E27629587002368AD /* financeAppUITestsLaunchTests.swift */,
			);
			path = financeAppUITests;
			sourceTree = "<group>";
		};
/* End PBXGroup section */

/* Begin PBXNativeTarget section */
		B47F545D27629585002368AD /* financeApp */ = {
			isa = PBXNativeTarget;
			buildConfigurationList = B47F548227629587002368AD /* Build configuration list for PBXNativeTarget "financeApp" */;
			buildPhases = (
				B47F545A27629585002368AD /* Sources */,
				B47F545B27629585002368AD /* Frameworks */,
				B47F545C27629585002368AD /* Resources */,
			);
			buildRules = (
			);
			dependencies = (
			);
			name = financeApp;
			productName = financeApp;
			productReference = B47F545E27629585002368AD /* financeApp.app */;
			productType = "com.apple.product-type.application";
		};
		B47F546D27629587002368AD /* financeAppTests */ = {
			isa = PBXNativeTarget;
			buildConfigurationList = B47F548527629587002368AD /* Build configuration list for PBXNativeTarget "financeAppTests" */;
			buildPhases = (
				B47F546A27629587002368AD /* Sources */,
				B47F546B27629587002368AD /* Frameworks */,
				B47F546C27629587002368AD /* Resources */,
			);
			buildRules = (
			);
			dependencies = (
				B47F547027629587002368AD /* PBXTargetDependency */,
			);
			name = financeAppTests;
			productName = financeAppTests;
			productReference = B47F546E27629587002368AD /* financeAppTests.xctest */;
			productType = "com.apple.product-type.bundle.unit-test";
		};
		B47F547727629587002368AD /* financeAppUITests */ = {
			isa = PBXNativeTarget;
			buildConfigurationList = B47F548827629587002368AD /* Build configuration list for PBXNativeTarget "financeAppUITests" */;
			buildPhases = (
				B47F547427629587002368AD /* Sources */,
				B47F547527629587002368AD /* Frameworks */,
				B47F547627629587002368AD /* Resources */,
			);
			buildRules = (
			);
			dependencies = (
				B47F547A27629587002368AD /* PBXTargetDependency */,
			);
			name = financeAppUITests;
			productName = financeAppUITests;
			productReference = B47F547827629587002368AD /* financeAppUITests.xctest */;
			productType = "com.apple.product-type.bundle.ui-testing";
		};
/* End PBXNativeTarget section */

/* Begin PBXProject section */
		B47F545627629585002368AD /* Project object */ = {
			isa = PBXProject;
			attributes = {
				BuildIndependentTargetsInParallel = 1;
				LastSwiftUpdateCheck = 1310;
				LastUpgradeCheck = 1310;
				TargetAttributes = {
					B47F545D27629585002368AD = {
						CreatedOnToolsVersion = 13.1;
					};
					B47F546D27629587002368AD = {
						CreatedOnToolsVersion = 13.1;
						TestTargetID = B47F545D27629585002368AD;
					};
					B47F547727629587002368AD = {
						CreatedOnToolsVersion = 13.1;
						TestTargetID = B47F545D27629585002368AD;
					};
				};
			};
			buildConfigurationList = B47F545927629585002368AD /* Build configuration list for PBXProject "financeApp" */;
			compatibilityVersion = "Xcode 13.0";
			developmentRegion = en;
			hasScannedForEncodings = 0;
			knownRegions = (
				en,
				Base,
			);
			mainGroup = B47F545527629585002368AD;
			productRefGroup = B47F545F27629585002368AD /* Products */;
			projectDirPath = "";
			projectRoot = "";
			targets = (
				B47F545D27629585002368AD /* financeApp */,
				B47F546D27629587002368AD /* financeAppTests */,
				B47F547727629587002368AD /* financeAppUITests */,
			);
		};
/* End PBXProject section */

/* Begin PBXResourcesBuildPhase section */
		B47F545C27629585002368AD /* Resources */ = {
			isa = PBXResourcesBuildPhase;
			buildActionMask = 2147483647;
			files = (
				B47F546927629586002368AD /* Preview Assets.xcassets in Resources */,
				B47F546627629586002368AD /* Assets.xcassets in Resources */,
			);
			runOnlyForDeploymentPostprocessing = 0;
		};
		B47F546C27629587002368AD /* Resources */ = {
			isa = PBXResourcesBuildPhase;
			buildActionMask = 2147483647;
			files = (
			);
			runOnlyForDeploymentPostprocessing = 0;
		};
		B47F547627629587002368AD /* Resources */ = {
			isa = PBXResourcesBuildPhase;
			buildActionMask = 2147483647;
			files = (
			);
			runOnlyForDeploymentPostprocessing = 0;
		};
/* End PBXResourcesBuildPhase section */

/* Begin PBXSourcesBuildPhase section */
		B47F545A27629585002368AD /* Sources */ = {
			isa = PBXSourcesBuildPhase;
			buildActionMask = 2147483647;
			files = (
				B4355C0127684C5A00FDFC28 /* Data.swift in Sources */,
				B47F546427629585002368AD /* ContentView.swift in Sources */,
				B4355C0D276C426B00FDFC28 /* CategoryView.swift in Sources */,
				B4355C052768500600FDFC28 /* TransactionDetail.swift in Sources */,
				B47F548E27629DB1002368AD /* transactionsView.swift in Sources */,
				B4355BFF2768480B00FDFC28 /* Transaction.swift in Sources */,
				B4355C0B276BD91300FDFC28 /* Type.swift in Sources */,
				B47F546227629585002368AD /* financeAppApp.swift in Sources */,
				B4355C0327684DDE00FDFC28 /* TransactionRow.swift in Sources */,
				B47F548C27629DA3002368AD /* homeView.swift in Sources */,
				B47F54902766CACE002368AD /* homePageCategoryView.swift in Sources */,
				B4355C0727698B5600FDFC28 /* AddTransactionView.swift in Sources */,
			);
			runOnlyForDeploymentPostprocessing = 0;
		};
		B47F546A27629587002368AD /* Sources */ = {
			isa = PBXSourcesBuildPhase;
			buildActionMask = 2147483647;
			files = (
				B47F547327629587002368AD /* financeAppTests.swift in Sources */,
			);
			runOnlyForDeploymentPostprocessing = 0;
		};
		B47F547427629587002368AD /* Sources */ = {
			isa = PBXSourcesBuildPhase;
			buildActionMask = 2147483647;
			files = (
				B47F547D27629587002368AD /* financeAppUITests.swift in Sources */,
				B47F547F27629587002368AD /* financeAppUITestsLaunchTests.swift in Sources */,
			);
			runOnlyForDeploymentPostprocessing = 0;
		};
/* End PBXSourcesBuildPhase section */

/* Begin PBXTargetDependency section */
		B47F547027629587002368AD /* PBXTargetDependency */ = {
			isa = PBXTargetDependency;
			target = B47F545D27629585002368AD /* financeApp */;
			targetProxy = B47F546F27629587002368AD /* PBXContainerItemProxy */;
		};
		B47F547A27629587002368AD /* PBXTargetDependency */ = {
			isa = PBXTargetDependency;
			target = B47F545D27629585002368AD /* financeApp */;
			targetProxy = B47F547927629587002368AD /* PBXContainerItemProxy */;
		};
/* End PBXTargetDependency section */

/* Begin XCBuildConfiguration section */
		B47F548027629587002368AD /* Debug */ = {
			isa = XCBuildConfiguration;
			buildSettings = {
				ALWAYS_SEARCH_USER_PATHS = NO;
				CLANG_ANALYZER_NONNULL = YES;
				CLANG_ANALYZER_NUMBER_OBJECT_CONVERSION = YES_AGGRESSIVE;
				CLANG_CXX_LANGUAGE_STANDARD = "gnu++17";
				CLANG_CXX_LIBRARY = "libc++";
				CLANG_ENABLE_MODULES = YES;
				CLANG_ENABLE_OBJC_ARC = YES;
				CLANG_ENABLE_OBJC_WEAK = YES;
				CLANG_WARN_BLOCK_CAPTURE_AUTORELEASING = YES;
				CLANG_WARN_BOOL_CONVERSION = YES;
				CLANG_WARN_COMMA = YES;
				CLANG_WARN_CONSTANT_CONVERSION = YES;
				CLANG_WARN_DEPRECATED_OBJC_IMPLEMENTATIONS = YES;
				CLANG_WARN_DIRECT_OBJC_ISA_USAGE = YES_ERROR;
				CLANG_WARN_DOCUMENTATION_COMMENTS = YES;
				CLANG_WARN_EMPTY_BODY = YES;
				CLANG_WARN_ENUM_CONVERSION = YES;
				CLANG_WARN_INFINITE_RECURSION = YES;
				CLANG_WARN_INT_CONVERSION = YES;
				CLANG_WARN_NON_LITERAL_NULL_CONVERSION = YES;
				CLANG_WARN_OBJC_IMPLICIT_RETAIN_SELF = YES;
				CLANG_WARN_OBJC_LITERAL_CONVERSION = YES;
				CLANG_WARN_OBJC_ROOT_CLASS = YES_ERROR;
				CLANG_WARN_QUOTED_INCLUDE_IN_FRAMEWORK_HEADER = YES;
				CLANG_WARN_RANGE_LOOP_ANALYSIS = YES;
				CLANG_WARN_STRICT_PROTOTYPES = YES;
				CLANG_WARN_SUSPICIOUS_MOVE = YES;
				CLANG_WARN_UNGUARDED_AVAILABILITY = YES_AGGRESSIVE;
				CLANG_WARN_UNREACHABLE_CODE = YES;
				CLANG_WARN__DUPLICATE_METHOD_MATCH = YES;
				COPY_PHASE_STRIP = NO;
				DEBUG_INFORMATION_FORMAT = dwarf;
				ENABLE_STRICT_OBJC_MSGSEND = YES;
				ENABLE_TESTABILITY = YES;
				GCC_C_LANGUAGE_STANDARD = gnu11;
				GCC_DYNAMIC_NO_PIC = NO;
				GCC_NO_COMMON_BLOCKS = YES;
				GCC_OPTIMIZATION_LEVEL = 0;
				GCC_PREPROCESSOR_DEFINITIONS = (
					"DEBUG=1",
					"$(inherited)",
				);
				GCC_WARN_64_TO_32_BIT_CONVERSION = YES;
				GCC_WARN_ABOUT_RETURN_TYPE = YES_ERROR;
				GCC_WARN_UNDECLARED_SELECTOR = YES;
				GCC_WARN_UNINITIALIZED_AUTOS = YES_AGGRESSIVE;
				GCC_WARN_UNUSED_FUNCTION = YES;
				GCC_WARN_UNUSED_VARIABLE = YES;
				IPHONEOS_DEPLOYMENT_TARGET = 15.0;
				MTL_ENABLE_DEBUG_INFO = INCLUDE_SOURCE;
				MTL_FAST_MATH = YES;
				ONLY_ACTIVE_ARCH = YES;
				SDKROOT = iphoneos;
				SWIFT_ACTIVE_COMPILATION_CONDITIONS = DEBUG;
				SWIFT_OPTIMIZATION_LEVEL = "-Onone";
			};
			name = Debug;
		};
		B47F548127629587002368AD /* Release */ = {
			isa = XCBuildConfiguration;
			buildSettings = {
				ALWAYS_SEARCH_USER_PATHS = NO;
				CLANG_ANALYZER_NONNULL = YES;
				CLANG_ANALYZER_NUMBER_OBJECT_CONVERSION = YES_AGGRESSIVE;
				CLANG_CXX_LANGUAGE_STANDARD = "gnu++17";
				CLANG_CXX_LIBRARY = "libc++";
				CLANG_ENABLE_MODULES = YES;
				CLANG_ENABLE_OBJC_ARC = YES;
				CLANG_ENABLE_OBJC_WEAK = YES;
				CLANG_WARN_BLOCK_CAPTURE_AUTORELEASING = YES;
				CLANG_WARN_BOOL_CONVERSION = YES;
				CLANG_WARN_COMMA = YES;
				CLANG_WARN_CONSTANT_CONVERSION = YES;
				CLANG_WARN_DEPRECATED_OBJC_IMPLEMENTATIONS = YES;
				CLANG_WARN_DIRECT_OBJC_ISA_USAGE = YES_ERROR;
				CLANG_WARN_DOCUMENTATION_COMMENTS = YES;
				CLANG_WARN_EMPTY_BODY = YES;
				CLANG_WARN_ENUM_CONVERSION = YES;
				CLANG_WARN_INFINITE_RECURSION = YES;
				CLANG_WARN_INT_CONVERSION = YES;
				CLANG_WARN_NON_LITERAL_NULL_CONVERSION = YES;
				CLANG_WARN_OBJC_IMPLICIT_RETAIN_SELF = YES;
				CLANG_WARN_OBJC_LITERAL_CONVERSION = YES;
				CLANG_WARN_OBJC_ROOT_CLASS = YES_ERROR;
				CLANG_WARN_QUOTED_INCLUDE_IN_FRAMEWORK_HEADER = YES;
				CLANG_WARN_RANGE_LOOP_ANALYSIS = YES;
				CLANG_WARN_STRICT_PROTOTYPES = YES;
				CLANG_WARN_SUSPICIOUS_MOVE = YES;
				CLANG_WARN_UNGUARDED_AVAILABILITY = YES_AGGRESSIVE;
				CLANG_WARN_UNREACHABLE_CODE = YES;
				CLANG_WARN__DUPLICATE_METHOD_MATCH = YES;
				COPY_PHASE_STRIP = NO;
				DEBUG_INFORMATION_FORMAT = "dwarf-with-dsym";
				ENABLE_NS_ASSERTIONS = NO;
				ENABLE_STRICT_OBJC_MSGSEND = YES;
				GCC_C_LANGUAGE_STANDARD = gnu11;
				GCC_NO_COMMON_BLOCKS = YES;
				GCC_WARN_64_TO_32_BIT_CONVERSION = YES;
				GCC_WARN_ABOUT_RETURN_TYPE = YES_ERROR;
				GCC_WARN_UNDECLARED_SELECTOR = YES;
				GCC_WARN_UNINITIALIZED_AUTOS = YES_AGGRESSIVE;
				GCC_WARN_UNUSED_FUNCTION = YES;
				GCC_WARN_UNUSED_VARIABLE = YES;
				IPHONEOS_DEPLOYMENT_TARGET = 15.0;
				MTL_ENABLE_DEBUG_INFO = NO;
				MTL_FAST_MATH = YES;
				SDKROOT = iphoneos;
				SWIFT_COMPILATION_MODE = wholemodule;
				SWIFT_OPTIMIZATION_LEVEL = "-O";
				VALIDATE_PRODUCT = YES;
			};
			name = Release;
		};
		B47F548327629587002368AD /* Debug */ = {
			isa = XCBuildConfiguration;
			buildSettings = {
				ASSETCATALOG_COMPILER_APPICON_NAME = AppIcon;
				ASSETCATALOG_COMPILER_GLOBAL_ACCENT_COLOR_NAME = AccentColor;
				CODE_SIGN_STYLE = Automatic;
				CURRENT_PROJECT_VERSION = 1;
				DEVELOPMENT_ASSET_PATHS = "\"financeApp/Preview Content\"";
				DEVELOPMENT_TEAM = 9W9HCV37TS;
				ENABLE_PREVIEWS = YES;
				GENERATE_INFOPLIST_FILE = YES;
				INFOPLIST_KEY_UIApplicationSceneManifest_Generation = YES;
				INFOPLIST_KEY_UIApplicationSupportsIndirectInputEvents = YES;
				INFOPLIST_KEY_UILaunchScreen_Generation = YES;
				INFOPLIST_KEY_UISupportedInterfaceOrientations_iPad = "UIInterfaceOrientationPortrait UIInterfaceOrientationPortraitUpsideDown UIInterfaceOrientationLandscapeLeft UIInterfaceOrientationLandscapeRight";
				INFOPLIST_KEY_UISupportedInterfaceOrientations_iPhone = "UIInterfaceOrientationPortrait UIInterfaceOrientationLandscapeLeft UIInterfaceOrientationLandscapeRight";
				LD_RUNPATH_SEARCH_PATHS = (
					"$(inherited)",
					"@executable_path/Frameworks",
				);
				MARKETING_VERSION = 1.0;
				PRODUCT_BUNDLE_IDENTIFIER = riyaApp.financeApp;
				PRODUCT_NAME = "$(TARGET_NAME)";
				SWIFT_EMIT_LOC_STRINGS = YES;
				SWIFT_VERSION = 5.0;
				TARGETED_DEVICE_FAMILY = "1,2";
			};
			name = Debug;
		};
		B47F548427629587002368AD /* Release */ = {
			isa = XCBuildConfiguration;
			buildSettings = {
				ASSETCATALOG_COMPILER_APPICON_NAME = AppIcon;
				ASSETCATALOG_COMPILER_GLOBAL_ACCENT_COLOR_NAME = AccentColor;
				CODE_SIGN_STYLE = Automatic;
				CURRENT_PROJECT_VERSION = 1;
				DEVELOPMENT_ASSET_PATHS = "\"financeApp/Preview Content\"";
				DEVELOPMENT_TEAM = 9W9HCV37TS;
				ENABLE_PREVIEWS = YES;
				GENERATE_INFOPLIST_FILE = YES;
				INFOPLIST_KEY_UIApplicationSceneManifest_Generation = YES;
				INFOPLIST_KEY_UIApplicationSupportsIndirectInputEvents = YES;
				INFOPLIST_KEY_UILaunchScreen_Generation = YES;
				INFOPLIST_KEY_UISupportedInterfaceOrientations_iPad = "UIInterfaceOrientationPortrait UIInterfaceOrientationPortraitUpsideDown UIInterfaceOrientationLandscapeLeft UIInterfaceOrientationLandscapeRight";
				INFOPLIST_KEY_UISupportedInterfaceOrientations_iPhone = "UIInterfaceOrientationPortrait UIInterfaceOrientationLandscapeLeft UIInterfaceOrientationLandscapeRight";
				LD_RUNPATH_SEARCH_PATHS = (
					"$(inherited)",
					"@executable_path/Frameworks",
				);
				MARKETING_VERSION = 1.0;
				PRODUCT_BUNDLE_IDENTIFIER = riyaApp.financeApp;
				PRODUCT_NAME = "$(TARGET_NAME)";
				SWIFT_EMIT_LOC_STRINGS = YES;
				SWIFT_VERSION = 5.0;
				TARGETED_DEVICE_FAMILY = "1,2";
			};
			name = Release;
		};
		B47F548627629587002368AD /* Debug */ = {
			isa = XCBuildConfiguration;
			buildSettings = {
				ALWAYS_EMBED_SWIFT_STANDARD_LIBRARIES = YES;
				BUNDLE_LOADER = "$(TEST_HOST)";
				CODE_SIGN_STYLE = Automatic;
				CURRENT_PROJECT_VERSION = 1;
				DEVELOPMENT_TEAM = 9W9HCV37TS;
				GENERATE_INFOPLIST_FILE = YES;
				IPHONEOS_DEPLOYMENT_TARGET = 15.0;
				LD_RUNPATH_SEARCH_PATHS = (
					"$(inherited)",
					"@executable_path/Frameworks",
					"@loader_path/Frameworks",
				);
				MARKETING_VERSION = 1.0;
				PRODUCT_BUNDLE_IDENTIFIER = riyaApp.financeAppTests;
				PRODUCT_NAME = "$(TARGET_NAME)";
				SWIFT_EMIT_LOC_STRINGS = NO;
				SWIFT_VERSION = 5.0;
				TARGETED_DEVICE_FAMILY = "1,2";
				TEST_HOST = "$(BUILT_PRODUCTS_DIR)/financeApp.app/financeApp";
			};
			name = Debug;
		};
		B47F548727629587002368AD /* Release */ = {
			isa = XCBuildConfiguration;
			buildSettings = {
				ALWAYS_EMBED_SWIFT_STANDARD_LIBRARIES = YES;
				BUNDLE_LOADER = "$(TEST_HOST)";
				CODE_SIGN_STYLE = Automatic;
				CURRENT_PROJECT_VERSION = 1;
				DEVELOPMENT_TEAM = 9W9HCV37TS;
				GENERATE_INFOPLIST_FILE = YES;
				IPHONEOS_DEPLOYMENT_TARGET = 15.0;
				LD_RUNPATH_SEARCH_PATHS = (
					"$(inherited)",
					"@executable_path/Frameworks",
					"@loader_path/Frameworks",
				);
				MARKETING_VERSION = 1.0;
				PRODUCT_BUNDLE_IDENTIFIER = riyaApp.financeAppTests;
				PRODUCT_NAME = "$(TARGET_NAME)";
				SWIFT_EMIT_LOC_STRINGS = NO;
				SWIFT_VERSION = 5.0;
				TARGETED_DEVICE_FAMILY = "1,2";
				TEST_HOST = "$(BUILT_PRODUCTS_DIR)/financeApp.app/financeApp";
			};
			name = Release;
		};
		B47F548927629587002368AD /* Debug */ = {
			isa = XCBuildConfiguration;
			buildSettings = {
				ALWAYS_EMBED_SWIFT_STANDARD_LIBRARIES = YES;
				CODE_SIGN_STYLE = Automatic;
				CURRENT_PROJECT_VERSION = 1;
				DEVELOPMENT_TEAM = 9W9HCV37TS;
				GENERATE_INFOPLIST_FILE = YES;
				LD_RUNPATH_SEARCH_PATHS = (
					"$(inherited)",
					"@executable_path/Frameworks",
					"@loader_path/Frameworks",
				);
				MARKETING_VERSION = 1.0;
				PRODUCT_BUNDLE_IDENTIFIER = riyaApp.financeAppUITests;
				PRODUCT_NAME = "$(TARGET_NAME)";
				SWIFT_EMIT_LOC_STRINGS = NO;
				SWIFT_VERSION = 5.0;
				TARGETED_DEVICE_FAMILY = "1,2";
				TEST_TARGET_NAME = financeApp;
			};
			name = Debug;
		};
		B47F548A27629587002368AD /* Release */ = {
			isa = XCBuildConfiguration;
			buildSettings = {
				ALWAYS_EMBED_SWIFT_STANDARD_LIBRARIES = YES;
				CODE_SIGN_STYLE = Automatic;
				CURRENT_PROJECT_VERSION = 1;
				DEVELOPMENT_TEAM = 9W9HCV37TS;
				GENERATE_INFOPLIST_FILE = YES;
				LD_RUNPATH_SEARCH_PATHS = (
					"$(inherited)",
					"@executable_path/Frameworks",
					"@loader_path/Frameworks",
				);
				MARKETING_VERSION = 1.0;
				PRODUCT_BUNDLE_IDENTIFIER = riyaApp.financeAppUITests;
				PRODUCT_NAME = "$(TARGET_NAME)";
				SWIFT_EMIT_LOC_STRINGS = NO;
				SWIFT_VERSION = 5.0;
				TARGETED_DEVICE_FAMILY = "1,2";
				TEST_TARGET_NAME = financeApp;
			};
			name = Release;
		};
/* End XCBuildConfiguration section */

/* Begin XCConfigurationList section */
		B47F545927629585002368AD /* Build configuration list for PBXProject "financeApp" */ = {
			isa = XCConfigurationList;
			buildConfigurations = (
				B47F548027629587002368AD /* Debug */,
				B47F548127629587002368AD /* Release */,
			);
			defaultConfigurationIsVisible = 0;
			defaultConfigurationName = Release;
		};
		B47F548227629587002368AD /* Build configuration list for PBXNativeTarget "financeApp" */ = {
			isa = XCConfigurationList;
			buildConfigurations = (
				B47F548327629587002368AD /* Debug */,
				B47F548427629587002368AD /* Release */,
			);
			defaultConfigurationIsVisible = 0;
			defaultConfigurationName = Release;
		};
		B47F548527629587002368AD /* Build configuration list for PBXNativeTarget "financeAppTests" */ = {
			isa = XCConfigurationList;
			buildConfigurations = (
				B47F548627629587002368AD /* Debug */,
				B47F548727629587002368AD /* Release */,
			);
			defaultConfigurationIsVisible = 0;
			defaultConfigurationName = Release;
		};
		B47F548827629587002368AD /* Build configuration list for PBXNativeTarget "financeAppUITests" */ = {
			isa = XCConfigurationList;
			buildConfigurations = (
				B47F548927629587002368AD /* Debug */,
				B47F548A27629587002368AD /* Release */,
			);
			defaultConfigurationIsVisible = 0;
			defaultConfigurationName = Release;
		};
/* End XCConfigurationList section */
	};
	rootObject = B47F545627629585002368AD /* Project object */;
}
